
Microsoft Visual Studio Solution File, Format Version 12.00
# Visual Studio Version 18
VisualStudioVersion = 18.6.11709.129 insiders
MinimumVisualStudioVersion = 10.0.40219.1
Project("{FAE04EC0-301F-11D3-BF4B-00C04F79EFBC}") = "Monitor-Double-Keypresses", "Monitor-Double-Keypresses.csproj", "{B57FF4EE-D0D8-4E75-A240-0859081BABF0}"
EndProject
Global
	GlobalSection(SolutionConfigurationPlatforms) = preSolution
		Debug|x64 = Debug|x64
		Release|x64 = Release|x64
	EndGlobalSection
	GlobalSection(ProjectConfigurationPlatforms) = postSolution
		{B57FF4EE-D0D8-4E75-A240-0859081BABF0}.Debug|x64.ActiveCfg = Debug|x64
		{B57FF4EE-D0D8-4E75-A240-0859081BABF0}.Debug|x64.Build.0 = Debug|x64
		{B57FF4EE-D0D8-4E75-A240-0859081BABF0}.Release|x64.ActiveCfg = Release|x64
		{B57FF4EE-D0D8-4E75-A240-0859081BABF0}.Release|x64.Build.0 = Release|x64
	EndGlobalSection
	GlobalSection(SolutionProperties) = preSolution
		HideSolutionNode = FALSE
	EndGlobalSection
	GlobalSection(ExtensibilityGlobals) = postSolution
		SolutionGuid = {E484C94F-3FAA-4F27-8799-633B1E25E0A3}
	EndGlobalSection
EndGlobal
